
Microsoft Visual Studio Solution File, Format Version 12.00
# Visual Studio Version 17
VisualStudioVersion = 17.2.32516.85
MinimumVisualStudioVersion = 10.0.40219.1
Project("{FAE04EC0-301F-11D3-BF4B-00C04F79EFBC}") = "Siniflar", "Siniflar\Siniflar.csproj", "{8473CA34-8F6E-42DE-83CE-3D04ACD27C2C}"
EndProject
Global
	GlobalSection(SolutionConfigurationPlatforms) = preSolution
		Debug|Any CPU = Debug|Any CPU
		Release|Any CPU = Release|Any CPU
	EndGlobalSection
	GlobalSection(ProjectConfigurationPlatforms) = postSolution
		{8473CA34-8F6E-42DE-83CE-3D04ACD27C2C}.Debug|Any CPU.ActiveCfg = Debug|Any CPU
		{8473CA34-8F6E-42DE-83CE-3D04ACD27C2C}.Debug|Any CPU.Build.0 = Debug|Any CPU
		{8473CA34-8F6E-42DE-83CE-3D04ACD27C2C}.Release|Any CPU.ActiveCfg = Release|Any CPU
		{8473CA34-8F6E-42DE-83CE-3D04ACD27C2C}.Release|Any CPU.Build.0 = Release|Any CPU
	EndGlobalSection
	GlobalSection(SolutionProperties) = preSolution
		HideSolutionNode = FALSE
	EndGlobalSection
	GlobalSection(ExtensibilityGlobals) = postSolution
		SolutionGuid = {BFBEC4B6-45D1-4763-896A-9247D7B9D5F0}
	EndGlobalSection
EndGlobal
